# THIS IS AN AUTOGENERATED FILE. DO NOT EDIT THIS FILE DIRECTLY.
# yarn lockfile v1


codedown@^2.1.2:
  version "2.1.2"
  resolved "https://registry.yarnpkg.com/codedown/-/codedown-2.1.2.tgz#a7144f014e98d427b818f688cc6782bc08815c35"
  dependencies:
    marked "0.3.5"
    readline "1.3.0"

marked@0.3.5:
  version "0.3.5"
  resolved "https://registry.yarnpkg.com/marked/-/marked-0.3.5.tgz#4113a15ac5d7bca158a5aae07224587b9fa15b94"

readline@1.3.0:
  version "1.3.0"
  resolved "https://registry.yarnpkg.com/readline/-/readline-1.3.0.tgz#c580d77ef2cfc8752b132498060dc9793a7ac01c"
